
Microsoft Visual Studio Solution File, Format Version 12.00
Project("{FAE04EC0-301F-11D3-BF4B-00C04F79EFBC}") = "WebApp", "WebApp\WebApp.csproj", "{2AA01FC9-FCAA-4FF3-8EDD-117CB65879A3}"
EndProject
Project("{FAE04EC0-301F-11D3-BF4B-00C04F79EFBC}") = "Domain", "Domain\Domain.csproj", "{FEAF006B-D681-4CE8-8ED3-57A39C5A3097}"
EndProject
Project("{2150E333-8FDC-42A3-9474-1A3956D46DE8}") = "Solution Items", "Solution Items", "{187A697A-206C-4A05-BF29-734F9295AB85}"
ProjectSection(SolutionItems) = preProject
	.gitignore = .gitignore
EndProjectSection
EndProject
Project("{FAE04EC0-301F-11D3-BF4B-00C04F79EFBC}") = "Identity", "Identity\Identity.csproj", "{BBAC843C-7431-481E-A45E-8471F91BE6B7}"
EndProject
Project("{FAE04EC0-301F-11D3-BF4B-00C04F79EFBC}") = "Contracts.DAL.Base", "Contracts.DAL.Base\Contracts.DAL.Base.csproj", "{F36127C0-86A3-4BA6-8E84-47C400799C00}"
EndProject
Project("{FAE04EC0-301F-11D3-BF4B-00C04F79EFBC}") = "Contracts.DAL.App", "Contracts.DAL.App\Contracts.DAL.App.csproj", "{CAD3BB8E-679D-4A6E-9EFD-AD4E3E1B60D2}"
EndProject
Project("{FAE04EC0-301F-11D3-BF4B-00C04F79EFBC}") = "DAL.Base.EF", "DAL.Base.EF\DAL.Base.EF.csproj", "{D14886C5-AB6D-4A09-9572-79C6464344A7}"
EndProject
Project("{FAE04EC0-301F-11D3-BF4B-00C04F79EFBC}") = "DAL.App.EF", "DAL.App.EF\DAL.App.EF.csproj", "{840E5C00-5FC1-4162-B93F-3BB6BBAF28B5}"
EndProject
Project("{FAE04EC0-301F-11D3-BF4B-00C04F79EFBC}") = "DAL.App.DTO", "DAL.App.DTO\DAL.App.DTO.csproj", "{6E35DFE3-F16E-4DA1-B335-E64D7BFE7D68}"
EndProject
Project("{FAE04EC0-301F-11D3-BF4B-00C04F79EFBC}") = "BLL.App.DTO", "BLL.App.DTO\BLL.App.DTO.csproj", "{FEF4CE04-8921-447A-8385-07ACC8ABD359}"
EndProject
Project("{FAE04EC0-301F-11D3-BF4B-00C04F79EFBC}") = "Contracts.BLL.Base", "Contracts.BLL.Base\Contracts.BLL.Base.csproj", "{73307B0F-E28B-449A-90D1-97E7A4F94D5B}"
EndProject
Project("{FAE04EC0-301F-11D3-BF4B-00C04F79EFBC}") = "Contracts.BLL.App", "Contracts.BLL.App\Contracts.BLL.App.csproj", "{886F6384-D13F-4B95-B05B-EF6CB502D931}"
EndProject
Project("{FAE04EC0-301F-11D3-BF4B-00C04F79EFBC}") = "Contracts.Base", "Contracts.Base\Contracts.Base.csproj", "{D540EC1D-6CF8-48C2-AF28-5B3489CC1134}"
EndProject
Project("{FAE04EC0-301F-11D3-BF4B-00C04F79EFBC}") = "BLL.Base", "BLL.Base\BLL.Base.csproj", "{372B8134-0AAD-45B6-8415-08F4EEF92281}"
EndProject
Project("{FAE04EC0-301F-11D3-BF4B-00C04F79EFBC}") = "BLL.App", "BLL.App\BLL.App.csproj", "{D0E94BAA-804F-4E36-8925-DE86C28F3570}"
EndProject
Global
	GlobalSection(SolutionConfigurationPlatforms) = preSolution
		Debug|Any CPU = Debug|Any CPU
		Release|Any CPU = Release|Any CPU
	EndGlobalSection
	GlobalSection(ProjectConfigurationPlatforms) = postSolution
		{2AA01FC9-FCAA-4FF3-8EDD-117CB65879A3}.Debug|Any CPU.ActiveCfg = Debug|Any CPU
		{2AA01FC9-FCAA-4FF3-8EDD-117CB65879A3}.Debug|Any CPU.Build.0 = Debug|Any CPU
		{2AA01FC9-FCAA-4FF3-8EDD-117CB65879A3}.Release|Any CPU.ActiveCfg = Release|Any CPU
		{2AA01FC9-FCAA-4FF3-8EDD-117CB65879A3}.Release|Any CPU.Build.0 = Release|Any CPU
		{FEAF006B-D681-4CE8-8ED3-57A39C5A3097}.Debug|Any CPU.ActiveCfg = Debug|Any CPU
		{FEAF006B-D681-4CE8-8ED3-57A39C5A3097}.Debug|Any CPU.Build.0 = Debug|Any CPU
		{FEAF006B-D681-4CE8-8ED3-57A39C5A3097}.Release|Any CPU.ActiveCfg = Release|Any CPU
		{FEAF006B-D681-4CE8-8ED3-57A39C5A3097}.Release|Any CPU.Build.0 = Release|Any CPU
		{BBAC843C-7431-481E-A45E-8471F91BE6B7}.Debug|Any CPU.ActiveCfg = Debug|Any CPU
		{BBAC843C-7431-481E-A45E-8471F91BE6B7}.Debug|Any CPU.Build.0 = Debug|Any CPU
		{BBAC843C-7431-481E-A45E-8471F91BE6B7}.Release|Any CPU.ActiveCfg = Release|Any CPU
		{BBAC843C-7431-481E-A45E-8471F91BE6B7}.Release|Any CPU.Build.0 = Release|Any CPU
		{F36127C0-86A3-4BA6-8E84-47C400799C00}.Debug|Any CPU.ActiveCfg = Debug|Any CPU
		{F36127C0-86A3-4BA6-8E84-47C400799C00}.Debug|Any CPU.Build.0 = Debug|Any CPU
		{F36127C0-86A3-4BA6-8E84-47C400799C00}.Release|Any CPU.ActiveCfg = Release|Any CPU
		{F36127C0-86A3-4BA6-8E84-47C400799C00}.Release|Any CPU.Build.0 = Release|Any CPU
		{CAD3BB8E-679D-4A6E-9EFD-AD4E3E1B60D2}.Debug|Any CPU.ActiveCfg = Debug|Any CPU
		{CAD3BB8E-679D-4A6E-9EFD-AD4E3E1B60D2}.Debug|Any CPU.Build.0 = Debug|Any CPU
		{CAD3BB8E-679D-4A6E-9EFD-AD4E3E1B60D2}.Release|Any CPU.ActiveCfg = Release|Any CPU
		{CAD3BB8E-679D-4A6E-9EFD-AD4E3E1B60D2}.Release|Any CPU.Build.0 = Release|Any CPU
		{D14886C5-AB6D-4A09-9572-79C6464344A7}.Debug|Any CPU.ActiveCfg = Debug|Any CPU
		{D14886C5-AB6D-4A09-9572-79C6464344A7}.Debug|Any CPU.Build.0 = Debug|Any CPU
		{D14886C5-AB6D-4A09-9572-79C6464344A7}.Release|Any CPU.ActiveCfg = Release|Any CPU
		{D14886C5-AB6D-4A09-9572-79C6464344A7}.Release|Any CPU.Build.0 = Release|Any CPU
		{840E5C00-5FC1-4162-B93F-3BB6BBAF28B5}.Debug|Any CPU.ActiveCfg = Debug|Any CPU
		{840E5C00-5FC1-4162-B93F-3BB6BBAF28B5}.Debug|Any CPU.Build.0 = Debug|Any CPU
		{840E5C00-5FC1-4162-B93F-3BB6BBAF28B5}.Release|Any CPU.ActiveCfg = Release|Any CPU
		{840E5C00-5FC1-4162-B93F-3BB6BBAF28B5}.Release|Any CPU.Build.0 = Release|Any CPU
		{6E35DFE3-F16E-4DA1-B335-E64D7BFE7D68}.Debug|Any CPU.ActiveCfg = Debug|Any CPU
		{6E35DFE3-F16E-4DA1-B335-E64D7BFE7D68}.Debug|Any CPU.Build.0 = Debug|Any CPU
		{6E35DFE3-F16E-4DA1-B335-E64D7BFE7D68}.Release|Any CPU.ActiveCfg = Release|Any CPU
		{6E35DFE3-F16E-4DA1-B335-E64D7BFE7D68}.Release|Any CPU.Build.0 = Release|Any CPU
		{FEF4CE04-8921-447A-8385-07ACC8ABD359}.Debug|Any CPU.ActiveCfg = Debug|Any CPU
		{FEF4CE04-8921-447A-8385-07ACC8ABD359}.Debug|Any CPU.Build.0 = Debug|Any CPU
		{FEF4CE04-8921-447A-8385-07ACC8ABD359}.Release|Any CPU.ActiveCfg = Release|Any CPU
		{FEF4CE04-8921-447A-8385-07ACC8ABD359}.Release|Any CPU.Build.0 = Release|Any CPU
		{73307B0F-E28B-449A-90D1-97E7A4F94D5B}.Debug|Any CPU.ActiveCfg = Debug|Any CPU
		{73307B0F-E28B-449A-90D1-97E7A4F94D5B}.Debug|Any CPU.Build.0 = Debug|Any CPU
		{73307B0F-E28B-449A-90D1-97E7A4F94D5B}.Release|Any CPU.ActiveCfg = Release|Any CPU
		{73307B0F-E28B-449A-90D1-97E7A4F94D5B}.Release|Any CPU.Build.0 = Release|Any CPU
		{886F6384-D13F-4B95-B05B-EF6CB502D931}.Debug|Any CPU.ActiveCfg = Debug|Any CPU
		{886F6384-D13F-4B95-B05B-EF6CB502D931}.Debug|Any CPU.Build.0 = Debug|Any CPU
		{886F6384-D13F-4B95-B05B-EF6CB502D931}.Release|Any CPU.ActiveCfg = Release|Any CPU
		{886F6384-D13F-4B95-B05B-EF6CB502D931}.Release|Any CPU.Build.0 = Release|Any CPU
		{D540EC1D-6CF8-48C2-AF28-5B3489CC1134}.Debug|Any CPU.ActiveCfg = Debug|Any CPU
		{D540EC1D-6CF8-48C2-AF28-5B3489CC1134}.Debug|Any CPU.Build.0 = Debug|Any CPU
		{D540EC1D-6CF8-48C2-AF28-5B3489CC1134}.Release|Any CPU.ActiveCfg = Release|Any CPU
		{D540EC1D-6CF8-48C2-AF28-5B3489CC1134}.Release|Any CPU.Build.0 = Release|Any CPU
		{372B8134-0AAD-45B6-8415-08F4EEF92281}.Debug|Any CPU.ActiveCfg = Debug|Any CPU
		{372B8134-0AAD-45B6-8415-08F4EEF92281}.Debug|Any CPU.Build.0 = Debug|Any CPU
		{372B8134-0AAD-45B6-8415-08F4EEF92281}.Release|Any CPU.ActiveCfg = Release|Any CPU
		{372B8134-0AAD-45B6-8415-08F4EEF92281}.Release|Any CPU.Build.0 = Release|Any CPU
		{D0E94BAA-804F-4E36-8925-DE86C28F3570}.Debug|Any CPU.ActiveCfg = Debug|Any CPU
		{D0E94BAA-804F-4E36-8925-DE86C28F3570}.Debug|Any CPU.Build.0 = Debug|Any CPU
		{D0E94BAA-804F-4E36-8925-DE86C28F3570}.Release|Any CPU.ActiveCfg = Release|Any CPU
		{D0E94BAA-804F-4E36-8925-DE86C28F3570}.Release|Any CPU.Build.0 = Release|Any CPU
	EndGlobalSection
EndGlobal
