Microsoft Visual Studio Solution File, Format Version 12.00
Project("{FAE04EC0-301F-11D3-BF4B-00C04F79EFBC}") = "WebApp", "WebApp\WebApp.csproj", "{0301A182-76C3-4403-B8E4-AA802E26EBF8}"
EndProject
Project("{FAE04EC0-301F-11D3-BF4B-00C04F79EFBC}") = "Domain", "Domain\Domain.csproj", "{4C974692-59C2-4A74-BEF9-155D0F28543D}"
EndProject
Project("{FAE04EC0-301F-11D3-BF4B-00C04F79EFBC}") = "DAL.App.EF", "DAL.App.EF\DAL.App.EF.csproj", "{56425039-9F1A-4BCE-AC75-5DF732886A32}"
EndProject
Project("{FAE04EC0-301F-11D3-BF4B-00C04F79EFBC}") = "Contracts.DAL.App", "Contracts.DAL.App\Contracts.DAL.App.csproj", "{DE04293C-3072-41D7-9345-09823A92DE3B}"
EndProject
Project("{FAE04EC0-301F-11D3-BF4B-00C04F79EFBC}") = "BLL.App.DTO", "BLL.App.DTO\BLL.App.DTO.csproj", "{E7E629F8-6AFD-46A8-B1B9-CB5703A84396}"
EndProject
Project("{FAE04EC0-301F-11D3-BF4B-00C04F79EFBC}") = "DAL.App.DTO", "DAL.App.DTO\DAL.App.DTO.csproj", "{B8215074-354B-477B-B2C3-E247DB3AF29E}"
EndProject
Project("{FAE04EC0-301F-11D3-BF4B-00C04F79EFBC}") = "PublicApi.v1", "PublicApi.v1\PublicApi.v1.csproj", "{8488AE70-4A88-485F-BB85-5CDE997749B2}"
EndProject
Project("{FAE04EC0-301F-11D3-BF4B-00C04F79EFBC}") = "PublicApi.v1.DTO", "PublicApi.v1.DTO\PublicApi.v1.DTO.csproj", "{8C4BC97D-515C-4698-B748-00EF63A62FB6}"
EndProject
Project("{FAE04EC0-301F-11D3-BF4B-00C04F79EFBC}") = "Resources", "Resources\Resources.csproj", "{5A3B9C26-D285-49B5-AB46-59CEE2A8F591}"
EndProject
Project("{FAE04EC0-301F-11D3-BF4B-00C04F79EFBC}") = "BLL.App", "BLL.App\BLL.App.csproj", "{9D443C89-B8B6-42DE-B677-FEAC7F03893F}"
EndProject
Project("{FAE04EC0-301F-11D3-BF4B-00C04F79EFBC}") = "Contracts.BLL.App", "Contracts.BLL.App\Contracts.BLL.App.csproj", "{23A5FF69-231C-49AC-B44C-DDF54402AD91}"
EndProject
Project("{2150E333-8FDC-42A3-9474-1A3956D46DE8}") = "Solution Items", "Solution Items", "{C792F20E-B5CF-4161-9F8D-4EA212C7C75F}"
ProjectSection(SolutionItems) = preProject
	Dockerfile = Dockerfile
EndProjectSection
EndProject
Global
	GlobalSection(SolutionConfigurationPlatforms) = preSolution
		Debug|Any CPU = Debug|Any CPU
		Release|Any CPU = Release|Any CPU
	EndGlobalSection
	GlobalSection(ProjectConfigurationPlatforms) = postSolution
		{0301A182-76C3-4403-B8E4-AA802E26EBF8}.Debug|Any CPU.ActiveCfg = Debug|Any CPU
		{0301A182-76C3-4403-B8E4-AA802E26EBF8}.Debug|Any CPU.Build.0 = Debug|Any CPU
		{0301A182-76C3-4403-B8E4-AA802E26EBF8}.Release|Any CPU.ActiveCfg = Release|Any CPU
		{0301A182-76C3-4403-B8E4-AA802E26EBF8}.Release|Any CPU.Build.0 = Release|Any CPU
		{4C974692-59C2-4A74-BEF9-155D0F28543D}.Debug|Any CPU.ActiveCfg = Debug|Any CPU
		{4C974692-59C2-4A74-BEF9-155D0F28543D}.Debug|Any CPU.Build.0 = Debug|Any CPU
		{4C974692-59C2-4A74-BEF9-155D0F28543D}.Release|Any CPU.ActiveCfg = Release|Any CPU
		{4C974692-59C2-4A74-BEF9-155D0F28543D}.Release|Any CPU.Build.0 = Release|Any CPU
		{56425039-9F1A-4BCE-AC75-5DF732886A32}.Debug|Any CPU.ActiveCfg = Debug|Any CPU
		{56425039-9F1A-4BCE-AC75-5DF732886A32}.Debug|Any CPU.Build.0 = Debug|Any CPU
		{56425039-9F1A-4BCE-AC75-5DF732886A32}.Release|Any CPU.ActiveCfg = Release|Any CPU
		{56425039-9F1A-4BCE-AC75-5DF732886A32}.Release|Any CPU.Build.0 = Release|Any CPU
		{DE04293C-3072-41D7-9345-09823A92DE3B}.Debug|Any CPU.ActiveCfg = Debug|Any CPU
		{DE04293C-3072-41D7-9345-09823A92DE3B}.Debug|Any CPU.Build.0 = Debug|Any CPU
		{DE04293C-3072-41D7-9345-09823A92DE3B}.Release|Any CPU.ActiveCfg = Release|Any CPU
		{DE04293C-3072-41D7-9345-09823A92DE3B}.Release|Any CPU.Build.0 = Release|Any CPU
		{E7E629F8-6AFD-46A8-B1B9-CB5703A84396}.Debug|Any CPU.ActiveCfg = Debug|Any CPU
		{E7E629F8-6AFD-46A8-B1B9-CB5703A84396}.Debug|Any CPU.Build.0 = Debug|Any CPU
		{E7E629F8-6AFD-46A8-B1B9-CB5703A84396}.Release|Any CPU.ActiveCfg = Release|Any CPU
		{E7E629F8-6AFD-46A8-B1B9-CB5703A84396}.Release|Any CPU.Build.0 = Release|Any CPU
		{B8215074-354B-477B-B2C3-E247DB3AF29E}.Debug|Any CPU.ActiveCfg = Debug|Any CPU
		{B8215074-354B-477B-B2C3-E247DB3AF29E}.Debug|Any CPU.Build.0 = Debug|Any CPU
		{B8215074-354B-477B-B2C3-E247DB3AF29E}.Release|Any CPU.ActiveCfg = Release|Any CPU
		{B8215074-354B-477B-B2C3-E247DB3AF29E}.Release|Any CPU.Build.0 = Release|Any CPU
		{8488AE70-4A88-485F-BB85-5CDE997749B2}.Debug|Any CPU.ActiveCfg = Debug|Any CPU
		{8488AE70-4A88-485F-BB85-5CDE997749B2}.Debug|Any CPU.Build.0 = Debug|Any CPU
		{8488AE70-4A88-485F-BB85-5CDE997749B2}.Release|Any CPU.ActiveCfg = Release|Any CPU
		{8488AE70-4A88-485F-BB85-5CDE997749B2}.Release|Any CPU.Build.0 = Release|Any CPU
		{8C4BC97D-515C-4698-B748-00EF63A62FB6}.Debug|Any CPU.ActiveCfg = Debug|Any CPU
		{8C4BC97D-515C-4698-B748-00EF63A62FB6}.Debug|Any CPU.Build.0 = Debug|Any CPU
		{8C4BC97D-515C-4698-B748-00EF63A62FB6}.Release|Any CPU.ActiveCfg = Release|Any CPU
		{8C4BC97D-515C-4698-B748-00EF63A62FB6}.Release|Any CPU.Build.0 = Release|Any CPU
		{5A3B9C26-D285-49B5-AB46-59CEE2A8F591}.Debug|Any CPU.ActiveCfg = Debug|Any CPU
		{5A3B9C26-D285-49B5-AB46-59CEE2A8F591}.Debug|Any CPU.Build.0 = Debug|Any CPU
		{5A3B9C26-D285-49B5-AB46-59CEE2A8F591}.Release|Any CPU.ActiveCfg = Release|Any CPU
		{5A3B9C26-D285-49B5-AB46-59CEE2A8F591}.Release|Any CPU.Build.0 = Release|Any CPU
		{9D443C89-B8B6-42DE-B677-FEAC7F03893F}.Debug|Any CPU.ActiveCfg = Debug|Any CPU
		{9D443C89-B8B6-42DE-B677-FEAC7F03893F}.Debug|Any CPU.Build.0 = Debug|Any CPU
		{9D443C89-B8B6-42DE-B677-FEAC7F03893F}.Release|Any CPU.ActiveCfg = Release|Any CPU
		{9D443C89-B8B6-42DE-B677-FEAC7F03893F}.Release|Any CPU.Build.0 = Release|Any CPU
		{23A5FF69-231C-49AC-B44C-DDF54402AD91}.Debug|Any CPU.ActiveCfg = Debug|Any CPU
		{23A5FF69-231C-49AC-B44C-DDF54402AD91}.Debug|Any CPU.Build.0 = Debug|Any CPU
		{23A5FF69-231C-49AC-B44C-DDF54402AD91}.Release|Any CPU.ActiveCfg = Release|Any CPU
		{23A5FF69-231C-49AC-B44C-DDF54402AD91}.Release|Any CPU.Build.0 = Release|Any CPU
	EndGlobalSection
EndGlobal
