
Microsoft Visual Studio Solution File, Format Version 12.00
Project("{FAE04EC0-301F-11D3-BF4B-00C04F79EFBC}") = "WebApp", "WebApp\WebApp.csproj", "{0301A182-76C3-4403-B8E4-AA802E26EBF8}"
EndProject
Project("{FAE04EC0-301F-11D3-BF4B-00C04F79EFBC}") = "Domain", "Domain\Domain.csproj", "{4C974692-59C2-4A74-BEF9-155D0F28543D}"
EndProject
Project("{FAE04EC0-301F-11D3-BF4B-00C04F79EFBC}") = "DAL.App.EF", "DAL.App.EF\DAL.App.EF.csproj", "{56425039-9F1A-4BCE-AC75-5DF732886A32}"
EndProject
Project("{FAE04EC0-301F-11D3-BF4B-00C04F79EFBC}") = "DAL.Base.EF", "DAL.Base.EF\DAL.Base.EF.csproj", "{BF5B9809-5E53-4AC3-8B57-A3457D34374D}"
EndProject
Project("{FAE04EC0-301F-11D3-BF4B-00C04F79EFBC}") = "Contracts.DAL.Base", "Contracts.DAL.Base\Contracts.DAL.Base.csproj", "{4663BB2E-3CF3-416F-A4EF-54543E4ED809}"
EndProject
Project("{FAE04EC0-301F-11D3-BF4B-00C04F79EFBC}") = "Contracts.Base", "Contracts.Base\Contracts.Base.csproj", "{69E7F5D2-0116-49CC-A02A-9671B1F4D689}"
EndProject
Project("{FAE04EC0-301F-11D3-BF4B-00C04F79EFBC}") = "Contracts.DAL.App", "Contracts.DAL.App\Contracts.DAL.App.csproj", "{DE04293C-3072-41D7-9345-09823A92DE3B}"
EndProject
Project("{FAE04EC0-301F-11D3-BF4B-00C04F79EFBC}") = "BLL.App", "BLL.App\BLL.App.csproj", "{99DE6E3A-36F9-443F-862A-BEFD158F5E8C}"
EndProject
Project("{FAE04EC0-301F-11D3-BF4B-00C04F79EFBC}") = "BLL.Base", "BLL.Base\BLL.Base.csproj", "{4F308334-CEE2-4654-88DD-6E8129D8CCD5}"
EndProject
Project("{FAE04EC0-301F-11D3-BF4B-00C04F79EFBC}") = "BLL.App.DTO", "BLL.App.DTO\BLL.App.DTO.csproj", "{E7E629F8-6AFD-46A8-B1B9-CB5703A84396}"
EndProject
Project("{FAE04EC0-301F-11D3-BF4B-00C04F79EFBC}") = "Contracts.BLL.App", "Contracts.BLL.App\Contracts.BLL.App.csproj", "{BB4C2C64-4A8C-4BEB-8C6D-16F37367D3D4}"
EndProject
Project("{FAE04EC0-301F-11D3-BF4B-00C04F79EFBC}") = "Contracts.BLL.Base", "Contracts.BLL.Base\Contracts.BLL.Base.csproj", "{F66033AB-F43A-4366-92A2-056FCBBC554F}"
EndProject
Project("{FAE04EC0-301F-11D3-BF4B-00C04F79EFBC}") = "Identity", "Identity\Identity.csproj", "{EC54A1B7-3331-4ACA-B14E-098178A061A0}"
EndProject
Project("{FAE04EC0-301F-11D3-BF4B-00C04F79EFBC}") = "DAL.App.DTO", "DAL.App.DTO\DAL.App.DTO.csproj", "{B8215074-354B-477B-B2C3-E247DB3AF29E}"
EndProject
Project("{FAE04EC0-301F-11D3-BF4B-00C04F79EFBC}") = "PublicApi.v1", "PublicApi.v1\PublicApi.v1.csproj", "{8488AE70-4A88-485F-BB85-5CDE997749B2}"
EndProject
Project("{FAE04EC0-301F-11D3-BF4B-00C04F79EFBC}") = "PublicApi.v1.DTO", "PublicApi.v1.DTO\PublicApi.v1.DTO.csproj", "{8C4BC97D-515C-4698-B748-00EF63A62FB6}"
EndProject
Global
	GlobalSection(SolutionConfigurationPlatforms) = preSolution
		Debug|Any CPU = Debug|Any CPU
		Release|Any CPU = Release|Any CPU
	EndGlobalSection
	GlobalSection(ProjectConfigurationPlatforms) = postSolution
		{0301A182-76C3-4403-B8E4-AA802E26EBF8}.Debug|Any CPU.ActiveCfg = Debug|Any CPU
		{0301A182-76C3-4403-B8E4-AA802E26EBF8}.Debug|Any CPU.Build.0 = Debug|Any CPU
		{0301A182-76C3-4403-B8E4-AA802E26EBF8}.Release|Any CPU.ActiveCfg = Release|Any CPU
		{0301A182-76C3-4403-B8E4-AA802E26EBF8}.Release|Any CPU.Build.0 = Release|Any CPU
		{4C974692-59C2-4A74-BEF9-155D0F28543D}.Debug|Any CPU.ActiveCfg = Debug|Any CPU
		{4C974692-59C2-4A74-BEF9-155D0F28543D}.Debug|Any CPU.Build.0 = Debug|Any CPU
		{4C974692-59C2-4A74-BEF9-155D0F28543D}.Release|Any CPU.ActiveCfg = Release|Any CPU
		{4C974692-59C2-4A74-BEF9-155D0F28543D}.Release|Any CPU.Build.0 = Release|Any CPU
		{56425039-9F1A-4BCE-AC75-5DF732886A32}.Debug|Any CPU.ActiveCfg = Debug|Any CPU
		{56425039-9F1A-4BCE-AC75-5DF732886A32}.Debug|Any CPU.Build.0 = Debug|Any CPU
		{56425039-9F1A-4BCE-AC75-5DF732886A32}.Release|Any CPU.ActiveCfg = Release|Any CPU
		{56425039-9F1A-4BCE-AC75-5DF732886A32}.Release|Any CPU.Build.0 = Release|Any CPU
		{BF5B9809-5E53-4AC3-8B57-A3457D34374D}.Debug|Any CPU.ActiveCfg = Debug|Any CPU
		{BF5B9809-5E53-4AC3-8B57-A3457D34374D}.Debug|Any CPU.Build.0 = Debug|Any CPU
		{BF5B9809-5E53-4AC3-8B57-A3457D34374D}.Release|Any CPU.ActiveCfg = Release|Any CPU
		{BF5B9809-5E53-4AC3-8B57-A3457D34374D}.Release|Any CPU.Build.0 = Release|Any CPU
		{4663BB2E-3CF3-416F-A4EF-54543E4ED809}.Debug|Any CPU.ActiveCfg = Debug|Any CPU
		{4663BB2E-3CF3-416F-A4EF-54543E4ED809}.Debug|Any CPU.Build.0 = Debug|Any CPU
		{4663BB2E-3CF3-416F-A4EF-54543E4ED809}.Release|Any CPU.ActiveCfg = Release|Any CPU
		{4663BB2E-3CF3-416F-A4EF-54543E4ED809}.Release|Any CPU.Build.0 = Release|Any CPU
		{69E7F5D2-0116-49CC-A02A-9671B1F4D689}.Debug|Any CPU.ActiveCfg = Debug|Any CPU
		{69E7F5D2-0116-49CC-A02A-9671B1F4D689}.Debug|Any CPU.Build.0 = Debug|Any CPU
		{69E7F5D2-0116-49CC-A02A-9671B1F4D689}.Release|Any CPU.ActiveCfg = Release|Any CPU
		{69E7F5D2-0116-49CC-A02A-9671B1F4D689}.Release|Any CPU.Build.0 = Release|Any CPU
		{DE04293C-3072-41D7-9345-09823A92DE3B}.Debug|Any CPU.ActiveCfg = Debug|Any CPU
		{DE04293C-3072-41D7-9345-09823A92DE3B}.Debug|Any CPU.Build.0 = Debug|Any CPU
		{DE04293C-3072-41D7-9345-09823A92DE3B}.Release|Any CPU.ActiveCfg = Release|Any CPU
		{DE04293C-3072-41D7-9345-09823A92DE3B}.Release|Any CPU.Build.0 = Release|Any CPU
		{99DE6E3A-36F9-443F-862A-BEFD158F5E8C}.Debug|Any CPU.ActiveCfg = Debug|Any CPU
		{99DE6E3A-36F9-443F-862A-BEFD158F5E8C}.Debug|Any CPU.Build.0 = Debug|Any CPU
		{99DE6E3A-36F9-443F-862A-BEFD158F5E8C}.Release|Any CPU.ActiveCfg = Release|Any CPU
		{99DE6E3A-36F9-443F-862A-BEFD158F5E8C}.Release|Any CPU.Build.0 = Release|Any CPU
		{4F308334-CEE2-4654-88DD-6E8129D8CCD5}.Debug|Any CPU.ActiveCfg = Debug|Any CPU
		{4F308334-CEE2-4654-88DD-6E8129D8CCD5}.Debug|Any CPU.Build.0 = Debug|Any CPU
		{4F308334-CEE2-4654-88DD-6E8129D8CCD5}.Release|Any CPU.ActiveCfg = Release|Any CPU
		{4F308334-CEE2-4654-88DD-6E8129D8CCD5}.Release|Any CPU.Build.0 = Release|Any CPU
		{E7E629F8-6AFD-46A8-B1B9-CB5703A84396}.Debug|Any CPU.ActiveCfg = Debug|Any CPU
		{E7E629F8-6AFD-46A8-B1B9-CB5703A84396}.Debug|Any CPU.Build.0 = Debug|Any CPU
		{E7E629F8-6AFD-46A8-B1B9-CB5703A84396}.Release|Any CPU.ActiveCfg = Release|Any CPU
		{E7E629F8-6AFD-46A8-B1B9-CB5703A84396}.Release|Any CPU.Build.0 = Release|Any CPU
		{BB4C2C64-4A8C-4BEB-8C6D-16F37367D3D4}.Debug|Any CPU.ActiveCfg = Debug|Any CPU
		{BB4C2C64-4A8C-4BEB-8C6D-16F37367D3D4}.Debug|Any CPU.Build.0 = Debug|Any CPU
		{BB4C2C64-4A8C-4BEB-8C6D-16F37367D3D4}.Release|Any CPU.ActiveCfg = Release|Any CPU
		{BB4C2C64-4A8C-4BEB-8C6D-16F37367D3D4}.Release|Any CPU.Build.0 = Release|Any CPU
		{F66033AB-F43A-4366-92A2-056FCBBC554F}.Debug|Any CPU.ActiveCfg = Debug|Any CPU
		{F66033AB-F43A-4366-92A2-056FCBBC554F}.Debug|Any CPU.Build.0 = Debug|Any CPU
		{F66033AB-F43A-4366-92A2-056FCBBC554F}.Release|Any CPU.ActiveCfg = Release|Any CPU
		{F66033AB-F43A-4366-92A2-056FCBBC554F}.Release|Any CPU.Build.0 = Release|Any CPU
		{EC54A1B7-3331-4ACA-B14E-098178A061A0}.Debug|Any CPU.ActiveCfg = Debug|Any CPU
		{EC54A1B7-3331-4ACA-B14E-098178A061A0}.Debug|Any CPU.Build.0 = Debug|Any CPU
		{EC54A1B7-3331-4ACA-B14E-098178A061A0}.Release|Any CPU.ActiveCfg = Release|Any CPU
		{EC54A1B7-3331-4ACA-B14E-098178A061A0}.Release|Any CPU.Build.0 = Release|Any CPU
		{B8215074-354B-477B-B2C3-E247DB3AF29E}.Debug|Any CPU.ActiveCfg = Debug|Any CPU
		{B8215074-354B-477B-B2C3-E247DB3AF29E}.Debug|Any CPU.Build.0 = Debug|Any CPU
		{B8215074-354B-477B-B2C3-E247DB3AF29E}.Release|Any CPU.ActiveCfg = Release|Any CPU
		{B8215074-354B-477B-B2C3-E247DB3AF29E}.Release|Any CPU.Build.0 = Release|Any CPU
		{8488AE70-4A88-485F-BB85-5CDE997749B2}.Debug|Any CPU.ActiveCfg = Debug|Any CPU
		{8488AE70-4A88-485F-BB85-5CDE997749B2}.Debug|Any CPU.Build.0 = Debug|Any CPU
		{8488AE70-4A88-485F-BB85-5CDE997749B2}.Release|Any CPU.ActiveCfg = Release|Any CPU
		{8488AE70-4A88-485F-BB85-5CDE997749B2}.Release|Any CPU.Build.0 = Release|Any CPU
		{8C4BC97D-515C-4698-B748-00EF63A62FB6}.Debug|Any CPU.ActiveCfg = Debug|Any CPU
		{8C4BC97D-515C-4698-B748-00EF63A62FB6}.Debug|Any CPU.Build.0 = Debug|Any CPU
		{8C4BC97D-515C-4698-B748-00EF63A62FB6}.Release|Any CPU.ActiveCfg = Release|Any CPU
		{8C4BC97D-515C-4698-B748-00EF63A62FB6}.Release|Any CPU.Build.0 = Release|Any CPU
	EndGlobalSection
EndGlobal
